
Microsoft Visual Studio Solution File, Format Version 12.00
Project("{FAE04EC0-301F-11D3-BF4B-00C04F79EFBC}") = "ReceiptDataReader", "ReceiptDataReader\ReceiptDataReader.csproj", "{A31CC2AA-33A9-4740-ADE6-AD3A48AA3D1B}"
EndProject
Project("{FAE04EC0-301F-11D3-BF4B-00C04F79EFBC}") = "BudgetReceiptDao", "BudgetReceiptDao\BudgetReceiptDao.csproj", "{C260B634-091A-4F2F-A3A6-C28542C5FE88}"
EndProject
Global
	GlobalSection(SolutionConfigurationPlatforms) = preSolution
		Debug|Any CPU = Debug|Any CPU
		Release|Any CPU = Release|Any CPU
	EndGlobalSection
	GlobalSection(ProjectConfigurationPlatforms) = postSolution
		{A31CC2AA-33A9-4740-ADE6-AD3A48AA3D1B}.Debug|Any CPU.ActiveCfg = Debug|Any CPU
		{A31CC2AA-33A9-4740-ADE6-AD3A48AA3D1B}.Debug|Any CPU.Build.0 = Debug|Any CPU
		{A31CC2AA-33A9-4740-ADE6-AD3A48AA3D1B}.Release|Any CPU.ActiveCfg = Release|Any CPU
		{A31CC2AA-33A9-4740-ADE6-AD3A48AA3D1B}.Release|Any CPU.Build.0 = Release|Any CPU
		{C260B634-091A-4F2F-A3A6-C28542C5FE88}.Debug|Any CPU.ActiveCfg = Debug|Any CPU
		{C260B634-091A-4F2F-A3A6-C28542C5FE88}.Debug|Any CPU.Build.0 = Debug|Any CPU
		{C260B634-091A-4F2F-A3A6-C28542C5FE88}.Release|Any CPU.ActiveCfg = Release|Any CPU
		{C260B634-091A-4F2F-A3A6-C28542C5FE88}.Release|Any CPU.Build.0 = Release|Any CPU
	EndGlobalSection
EndGlobal
